
Microsoft Visual Studio Solution File, Format Version 12.00
# Visual Studio Version 16
VisualStudioVersion = 16.0.29519.181
MinimumVisualStudioVersion = 10.0.40219.1
Project("{FAE04EC0-301F-11D3-BF4B-00C04F79EFBC}") = "ChickensCSharp", "ChickensCSharp\ChickensCSharp.csproj", "{D6085B64-2388-4535-8CAA-526D4E25455F}"
EndProject
Global
	GlobalSection(SolutionConfigurationPlatforms) = preSolution
		Debug|Any CPU = Debug|Any CPU
		Release|Any CPU = Release|Any CPU
	EndGlobalSection
	GlobalSection(ProjectConfigurationPlatforms) = postSolution
		{D6085B64-2388-4535-8CAA-526D4E25455F}.Debug|Any CPU.ActiveCfg = Debug|Any CPU
		{D6085B64-2388-4535-8CAA-526D4E25455F}.Debug|Any CPU.Build.0 = Debug|Any CPU
		{D6085B64-2388-4535-8CAA-526D4E25455F}.Release|Any CPU.ActiveCfg = Release|Any CPU
		{D6085B64-2388-4535-8CAA-526D4E25455F}.Release|Any CPU.Build.0 = Release|Any CPU
	EndGlobalSection
	GlobalSection(SolutionProperties) = preSolution
		HideSolutionNode = FALSE
	EndGlobalSection
	GlobalSection(ExtensibilityGlobals) = postSolution
		SolutionGuid = {2A91BA05-3ACB-4459-9794-FDAD3D6BF1E5}
	EndGlobalSection
EndGlobal
